{
  "nodes": {
    "nixpkgs": {
      "locked": {
        "lastModified": 1775593859,
        "narHash": "sha256-4wHnj++0SSspGe9uxojbdTOcGkM1Rrq9lYYOqbJ+i7M=",
        "owner": "NixOS",
        "repo": "nixpkgs",
        "rev": "3e8a5c15f438c166ee8ae171a9119b9afea859d1",
        "type": "github"
      },
      "original": {
        "owner": "NixOS",
        "ref": "3e8a5c15f438c166ee8ae171a9119b9afea859d1",
        "repo": "nixpkgs",
        "type": "github"
      }
    },
    "root": {
      "inputs": {
        "nixpkgs": "nixpkgs"
      }
    }
  },
  "root": "root",
  "version": 7
}
